
Microsoft Visual Studio Solution File, Format Version 12.00
# Visual Studio Version 17
VisualStudioVersion = 17.7.34031.279
MinimumVisualStudioVersion = 10.0.40219.1
Project("{8BC9CEB8-8B4A-11D0-8D11-00A0C91BC942}") = "template", "template\template.vcxproj", "{0A74B53A-97BD-4BAD-B613-D4C143A98E0C}"
EndProject
Project("{8BC9CEB8-8B4A-11D0-8D11-00A0C91BC942}") = "day01", "day01\day01.vcxproj", "{FA1D17E9-7C12-4F96-8585-83978B842B3F}"
EndProject
Project("{2150E333-8FDC-42A3-9474-1A3956D46DE8}") = "include", "include", "{30B4F31A-5685-4B4E-8627-045CCE54E03F}"
	ProjectSection(SolutionItems) = preProject
		include\codeAnalysis.h = include\codeAnalysis.h
		include\constants.h = include\constants.h
		include\getdata.h = include\getdata.h
		include\hash.h = include\hash.h
		include\int.h = include\int.h
		include\posVector-RC.h = include\posVector-RC.h
		include\posVector-XY.h = include\posVector-XY.h
		include\posVector-XYZ.h = include\posVector-XYZ.h
		include\stopwatch.h = include\stopwatch.h
		include\stringstuff.h = include\stringstuff.h
		include\thrower.h = include\thrower.h
	EndProjectSection
EndProject
Project("{8BC9CEB8-8B4A-11D0-8D11-00A0C91BC942}") = "day02", "day02\day02.vcxproj", "{4B09F5CF-CB82-4F75-8CAD-30A2DA6D6736}"
EndProject
Project("{8BC9CEB8-8B4A-11D0-8D11-00A0C91BC942}") = "day03", "day03\day03.vcxproj", "{DBCDAA95-213F-477F-8225-9417A5E6A848}"
EndProject
Project("{8BC9CEB8-8B4A-11D0-8D11-00A0C91BC942}") = "day04", "day04\day04.vcxproj", "{ADB96AA4-A985-4B50-9C73-E099BB58609B}"
EndProject
Project("{8BC9CEB8-8B4A-11D0-8D11-00A0C91BC942}") = "day05", "day05\day05.vcxproj", "{BA529B9B-4BC0-4E72-A1DA-B09EC2422571}"
EndProject
Project("{8BC9CEB8-8B4A-11D0-8D11-00A0C91BC942}") = "day06", "day06\day06.vcxproj", "{E2AB8677-35CE-4162-834A-B9F9F19C3990}"
EndProject
Project("{8BC9CEB8-8B4A-11D0-8D11-00A0C91BC942}") = "day07", "day07\day07.vcxproj", "{9A7D7634-4A7E-4193-823C-3B4CE0F8CA10}"
EndProject
Global
	GlobalSection(SolutionConfigurationPlatforms) = preSolution
		Debug|x64 = Debug|x64
		Debug|x86 = Debug|x86
		Release|x64 = Release|x64
		Release|x86 = Release|x86
	EndGlobalSection
	GlobalSection(ProjectConfigurationPlatforms) = postSolution
		{0A74B53A-97BD-4BAD-B613-D4C143A98E0C}.Debug|x64.ActiveCfg = Debug|x64
		{0A74B53A-97BD-4BAD-B613-D4C143A98E0C}.Debug|x64.Build.0 = Debug|x64
		{0A74B53A-97BD-4BAD-B613-D4C143A98E0C}.Debug|x86.ActiveCfg = Debug|Win32
		{0A74B53A-97BD-4BAD-B613-D4C143A98E0C}.Debug|x86.Build.0 = Debug|Win32
		{0A74B53A-97BD-4BAD-B613-D4C143A98E0C}.Release|x64.ActiveCfg = Release|x64
		{0A74B53A-97BD-4BAD-B613-D4C143A98E0C}.Release|x64.Build.0 = Release|x64
		{0A74B53A-97BD-4BAD-B613-D4C143A98E0C}.Release|x86.ActiveCfg = Release|Win32
		{0A74B53A-97BD-4BAD-B613-D4C143A98E0C}.Release|x86.Build.0 = Release|Win32
		{FA1D17E9-7C12-4F96-8585-83978B842B3F}.Debug|x64.ActiveCfg = Debug|x64
		{FA1D17E9-7C12-4F96-8585-83978B842B3F}.Debug|x64.Build.0 = Debug|x64
		{FA1D17E9-7C12-4F96-8585-83978B842B3F}.Debug|x86.ActiveCfg = Debug|Win32
		{FA1D17E9-7C12-4F96-8585-83978B842B3F}.Debug|x86.Build.0 = Debug|Win32
		{FA1D17E9-7C12-4F96-8585-83978B842B3F}.Release|x64.ActiveCfg = Release|x64
		{FA1D17E9-7C12-4F96-8585-83978B842B3F}.Release|x64.Build.0 = Release|x64
		{FA1D17E9-7C12-4F96-8585-83978B842B3F}.Release|x86.ActiveCfg = Release|Win32
		{FA1D17E9-7C12-4F96-8585-83978B842B3F}.Release|x86.Build.0 = Release|Win32
		{4B09F5CF-CB82-4F75-8CAD-30A2DA6D6736}.Debug|x64.ActiveCfg = Debug|x64
		{4B09F5CF-CB82-4F75-8CAD-30A2DA6D6736}.Debug|x64.Build.0 = Debug|x64
		{4B09F5CF-CB82-4F75-8CAD-30A2DA6D6736}.Debug|x86.ActiveCfg = Debug|Win32
		{4B09F5CF-CB82-4F75-8CAD-30A2DA6D6736}.Debug|x86.Build.0 = Debug|Win32
		{4B09F5CF-CB82-4F75-8CAD-30A2DA6D6736}.Release|x64.ActiveCfg = Release|x64
		{4B09F5CF-CB82-4F75-8CAD-30A2DA6D6736}.Release|x64.Build.0 = Release|x64
		{4B09F5CF-CB82-4F75-8CAD-30A2DA6D6736}.Release|x86.ActiveCfg = Release|Win32
		{4B09F5CF-CB82-4F75-8CAD-30A2DA6D6736}.Release|x86.Build.0 = Release|Win32
		{DBCDAA95-213F-477F-8225-9417A5E6A848}.Debug|x64.ActiveCfg = Debug|x64
		{DBCDAA95-213F-477F-8225-9417A5E6A848}.Debug|x64.Build.0 = Debug|x64
		{DBCDAA95-213F-477F-8225-9417A5E6A848}.Debug|x86.ActiveCfg = Debug|Win32
		{DBCDAA95-213F-477F-8225-9417A5E6A848}.Debug|x86.Build.0 = Debug|Win32
		{DBCDAA95-213F-477F-8225-9417A5E6A848}.Release|x64.ActiveCfg = Release|x64
		{DBCDAA95-213F-477F-8225-9417A5E6A848}.Release|x64.Build.0 = Release|x64
		{DBCDAA95-213F-477F-8225-9417A5E6A848}.Release|x86.ActiveCfg = Release|Win32
		{DBCDAA95-213F-477F-8225-9417A5E6A848}.Release|x86.Build.0 = Release|Win32
		{ADB96AA4-A985-4B50-9C73-E099BB58609B}.Debug|x64.ActiveCfg = Debug|x64
		{ADB96AA4-A985-4B50-9C73-E099BB58609B}.Debug|x64.Build.0 = Debug|x64
		{ADB96AA4-A985-4B50-9C73-E099BB58609B}.Debug|x86.ActiveCfg = Debug|Win32
		{ADB96AA4-A985-4B50-9C73-E099BB58609B}.Debug|x86.Build.0 = Debug|Win32
		{ADB96AA4-A985-4B50-9C73-E099BB58609B}.Release|x64.ActiveCfg = Release|x64
		{ADB96AA4-A985-4B50-9C73-E099BB58609B}.Release|x64.Build.0 = Release|x64
		{ADB96AA4-A985-4B50-9C73-E099BB58609B}.Release|x86.ActiveCfg = Release|Win32
		{ADB96AA4-A985-4B50-9C73-E099BB58609B}.Release|x86.Build.0 = Release|Win32
		{BA529B9B-4BC0-4E72-A1DA-B09EC2422571}.Debug|x64.ActiveCfg = Debug|x64
		{BA529B9B-4BC0-4E72-A1DA-B09EC2422571}.Debug|x64.Build.0 = Debug|x64
		{BA529B9B-4BC0-4E72-A1DA-B09EC2422571}.Debug|x86.ActiveCfg = Debug|Win32
		{BA529B9B-4BC0-4E72-A1DA-B09EC2422571}.Debug|x86.Build.0 = Debug|Win32
		{BA529B9B-4BC0-4E72-A1DA-B09EC2422571}.Release|x64.ActiveCfg = Release|x64
		{BA529B9B-4BC0-4E72-A1DA-B09EC2422571}.Release|x64.Build.0 = Release|x64
		{BA529B9B-4BC0-4E72-A1DA-B09EC2422571}.Release|x86.ActiveCfg = Release|Win32
		{BA529B9B-4BC0-4E72-A1DA-B09EC2422571}.Release|x86.Build.0 = Release|Win32
		{E2AB8677-35CE-4162-834A-B9F9F19C3990}.Debug|x64.ActiveCfg = Debug|x64
		{E2AB8677-35CE-4162-834A-B9F9F19C3990}.Debug|x64.Build.0 = Debug|x64
		{E2AB8677-35CE-4162-834A-B9F9F19C3990}.Debug|x86.ActiveCfg = Debug|Win32
		{E2AB8677-35CE-4162-834A-B9F9F19C3990}.Debug|x86.Build.0 = Debug|Win32
		{E2AB8677-35CE-4162-834A-B9F9F19C3990}.Release|x64.ActiveCfg = Release|x64
		{E2AB8677-35CE-4162-834A-B9F9F19C3990}.Release|x64.Build.0 = Release|x64
		{E2AB8677-35CE-4162-834A-B9F9F19C3990}.Release|x86.ActiveCfg = Release|Win32
		{E2AB8677-35CE-4162-834A-B9F9F19C3990}.Release|x86.Build.0 = Release|Win32
		{9A7D7634-4A7E-4193-823C-3B4CE0F8CA10}.Debug|x64.ActiveCfg = Debug|x64
		{9A7D7634-4A7E-4193-823C-3B4CE0F8CA10}.Debug|x64.Build.0 = Debug|x64
		{9A7D7634-4A7E-4193-823C-3B4CE0F8CA10}.Debug|x86.ActiveCfg = Debug|Win32
		{9A7D7634-4A7E-4193-823C-3B4CE0F8CA10}.Debug|x86.Build.0 = Debug|Win32
		{9A7D7634-4A7E-4193-823C-3B4CE0F8CA10}.Release|x64.ActiveCfg = Release|x64
		{9A7D7634-4A7E-4193-823C-3B4CE0F8CA10}.Release|x64.Build.0 = Release|x64
		{9A7D7634-4A7E-4193-823C-3B4CE0F8CA10}.Release|x86.ActiveCfg = Release|Win32
		{9A7D7634-4A7E-4193-823C-3B4CE0F8CA10}.Release|x86.Build.0 = Release|Win32
	EndGlobalSection
	GlobalSection(SolutionProperties) = preSolution
		HideSolutionNode = FALSE
	EndGlobalSection
	GlobalSection(ExtensibilityGlobals) = postSolution
		SolutionGuid = {19861370-EA55-4A83-9416-052547C98219}
	EndGlobalSection
EndGlobal
